
Microsoft Visual Studio Solution File, Format Version 12.00
# Visual Studio Version 16
VisualStudioVersion = 16.0.30225.117
MinimumVisualStudioVersion = 10.0.40219.1
Project("{2150E333-8FDC-42A3-9474-1A3956D46DE8}") = "cleanarchitectureDemo.application", "cleanarchitectureDemo.application", "{04C92C08-AB65-4E50-B6F0-D3C80DE91D9C}"
EndProject
Project("{2150E333-8FDC-42A3-9474-1A3956D46DE8}") = "cleanarchitectureDemo.Domain", "cleanarchitectureDemo.Domain", "{E4A3285E-B8A9-4789-92A8-9A442964E6BD}"
EndProject
Project("{2150E333-8FDC-42A3-9474-1A3956D46DE8}") = "cleanarchitectureDemo.infraestructure.Data", "cleanarchitectureDemo.infraestructure.Data", "{EBD9E5B7-69AA-4594-989C-F748C8A61683}"
EndProject
Project("{2150E333-8FDC-42A3-9474-1A3956D46DE8}") = "cleanarchitectureDemo.Infraestructure.loC", "cleanarchitectureDemo.Infraestructure.loC", "{13241C09-3783-4C18-877D-FC45685A69B4}"
EndProject
Project("{2150E333-8FDC-42A3-9474-1A3956D46DE8}") = "cleanarchitectureDemo.UI.MVC", "cleanarchitectureDemo.UI.MVC", "{B33886A6-4B89-4514-8F5D-444ECC1A82B8}"
EndProject
Project("{FAE04EC0-301F-11D3-BF4B-00C04F79EFBC}") = "cleanMVC", "cleanMVC\cleanMVC.csproj", "{AF2B921A-C2A8-4558-9AFB-5D6A388D9559}"
EndProject
Project("{FAE04EC0-301F-11D3-BF4B-00C04F79EFBC}") = "architecture.dominio", "architecture.dominio\architecture.dominio.csproj", "{A27DB7D7-0F3C-42A7-8F1C-FDA9AD7C42AD}"
EndProject
Project("{FAE04EC0-301F-11D3-BF4B-00C04F79EFBC}") = "architecture.infra.data", "architecture.infra.data\architecture.infra.data.csproj", "{3863A78C-3B4C-4908-A744-041B0BA4835F}"
EndProject
Project("{FAE04EC0-301F-11D3-BF4B-00C04F79EFBC}") = "architecterureApplicacion", "architecterureApplicacion\architecterureApplicacion.csproj", "{5A916B51-93A6-488A-9D13-92F667232766}"
EndProject
Project("{FAE04EC0-301F-11D3-BF4B-00C04F79EFBC}") = "architecture.infraestructura.loC", "architecture.infraestructura.loC\architecture.infraestructura.loC.csproj", "{DF10AFEA-04B3-41BF-9ABD-1408A27BB436}"
EndProject
Global
	GlobalSection(SolutionConfigurationPlatforms) = preSolution
		Debug|Any CPU = Debug|Any CPU
		Release|Any CPU = Release|Any CPU
	EndGlobalSection
	GlobalSection(ProjectConfigurationPlatforms) = postSolution
		{AF2B921A-C2A8-4558-9AFB-5D6A388D9559}.Debug|Any CPU.ActiveCfg = Debug|Any CPU
		{AF2B921A-C2A8-4558-9AFB-5D6A388D9559}.Debug|Any CPU.Build.0 = Debug|Any CPU
		{AF2B921A-C2A8-4558-9AFB-5D6A388D9559}.Release|Any CPU.ActiveCfg = Release|Any CPU
		{AF2B921A-C2A8-4558-9AFB-5D6A388D9559}.Release|Any CPU.Build.0 = Release|Any CPU
		{A27DB7D7-0F3C-42A7-8F1C-FDA9AD7C42AD}.Debug|Any CPU.ActiveCfg = Debug|Any CPU
		{A27DB7D7-0F3C-42A7-8F1C-FDA9AD7C42AD}.Debug|Any CPU.Build.0 = Debug|Any CPU
		{A27DB7D7-0F3C-42A7-8F1C-FDA9AD7C42AD}.Release|Any CPU.ActiveCfg = Release|Any CPU
		{A27DB7D7-0F3C-42A7-8F1C-FDA9AD7C42AD}.Release|Any CPU.Build.0 = Release|Any CPU
		{3863A78C-3B4C-4908-A744-041B0BA4835F}.Debug|Any CPU.ActiveCfg = Debug|Any CPU
		{3863A78C-3B4C-4908-A744-041B0BA4835F}.Debug|Any CPU.Build.0 = Debug|Any CPU
		{3863A78C-3B4C-4908-A744-041B0BA4835F}.Release|Any CPU.ActiveCfg = Release|Any CPU
		{3863A78C-3B4C-4908-A744-041B0BA4835F}.Release|Any CPU.Build.0 = Release|Any CPU
		{5A916B51-93A6-488A-9D13-92F667232766}.Debug|Any CPU.ActiveCfg = Debug|Any CPU
		{5A916B51-93A6-488A-9D13-92F667232766}.Debug|Any CPU.Build.0 = Debug|Any CPU
		{5A916B51-93A6-488A-9D13-92F667232766}.Release|Any CPU.ActiveCfg = Release|Any CPU
		{5A916B51-93A6-488A-9D13-92F667232766}.Release|Any CPU.Build.0 = Release|Any CPU
		{DF10AFEA-04B3-41BF-9ABD-1408A27BB436}.Debug|Any CPU.ActiveCfg = Debug|Any CPU
		{DF10AFEA-04B3-41BF-9ABD-1408A27BB436}.Debug|Any CPU.Build.0 = Debug|Any CPU
		{DF10AFEA-04B3-41BF-9ABD-1408A27BB436}.Release|Any CPU.ActiveCfg = Release|Any CPU
		{DF10AFEA-04B3-41BF-9ABD-1408A27BB436}.Release|Any CPU.Build.0 = Release|Any CPU
	EndGlobalSection
	GlobalSection(SolutionProperties) = preSolution
		HideSolutionNode = FALSE
	EndGlobalSection
	GlobalSection(NestedProjects) = preSolution
		{AF2B921A-C2A8-4558-9AFB-5D6A388D9559} = {B33886A6-4B89-4514-8F5D-444ECC1A82B8}
		{A27DB7D7-0F3C-42A7-8F1C-FDA9AD7C42AD} = {E4A3285E-B8A9-4789-92A8-9A442964E6BD}
		{3863A78C-3B4C-4908-A744-041B0BA4835F} = {EBD9E5B7-69AA-4594-989C-F748C8A61683}
		{5A916B51-93A6-488A-9D13-92F667232766} = {04C92C08-AB65-4E50-B6F0-D3C80DE91D9C}
		{DF10AFEA-04B3-41BF-9ABD-1408A27BB436} = {13241C09-3783-4C18-877D-FC45685A69B4}
	EndGlobalSection
	GlobalSection(ExtensibilityGlobals) = postSolution
		SolutionGuid = {6A5E03AB-CCDA-4681-8F53-1B915F214FD8}
	EndGlobalSection
EndGlobal
